
Microsoft Visual Studio Solution File, Format Version 12.00
# Visual Studio Version 17
VisualStudioVersion = 17.4.33205.214
MinimumVisualStudioVersion = 10.0.40219.1
Project("{FAE04EC0-301F-11D3-BF4B-00C04F79EFBC}") = "MarketProject", "MarketProject\MarketProject.csproj", "{F58620C5-2A4E-430B-8102-C173DC359D92}"
EndProject
Global
	GlobalSection(SolutionConfigurationPlatforms) = preSolution
		Debug|Any CPU = Debug|Any CPU
		Release|Any CPU = Release|Any CPU
	EndGlobalSection
	GlobalSection(ProjectConfigurationPlatforms) = postSolution
		{F58620C5-2A4E-430B-8102-C173DC359D92}.Debug|Any CPU.ActiveCfg = Debug|Any CPU
		{F58620C5-2A4E-430B-8102-C173DC359D92}.Debug|Any CPU.Build.0 = Debug|Any CPU
		{F58620C5-2A4E-430B-8102-C173DC359D92}.Release|Any CPU.ActiveCfg = Release|Any CPU
		{F58620C5-2A4E-430B-8102-C173DC359D92}.Release|Any CPU.Build.0 = Release|Any CPU
	EndGlobalSection
	GlobalSection(SolutionProperties) = preSolution
		HideSolutionNode = FALSE
	EndGlobalSection
	GlobalSection(ExtensibilityGlobals) = postSolution
		SolutionGuid = {18E30CE8-9038-4A73-85EC-3BE1C99B88B6}
	EndGlobalSection
EndGlobal
